// !$*UTF8*$!
{
	archiveVersion = 1;
	classes = {
	};
	objectVersion = 46;
	objects = {

/* Begin PBXBuildFile section */
		D733A2021BDFC7A400149C47 /* AppDelegate.swift in Sources */ = {isa = PBXBuildFile; fileRef = D733A2011BDFC7A400149C47 /* AppDelegate.swift */; };
		D733A2041BDFC7A400149C47 /* ViewController.swift in Sources */ = {isa = PBXBuildFile; fileRef = D733A2031BDFC7A400149C47 /* ViewController.swift */; };
		D733A2071BDFC7A400149C47 /* Main.storyboard in Resources */ = {isa = PBXBuildFile; fileRef = D733A2051BDFC7A400149C47 /* Main.storyboard */; };
		D733A2091BDFC7A400149C47 /* Assets.xcassets in Resources */ = {isa = PBXBuildFile; fileRef = D733A2081BDFC7A400149C47 /* Assets.xcassets */; };
		D733A20C1BDFC7A400149C47 /* LaunchScreen.storyboard in Resources */ = {isa = PBXBuildFile; fileRef = D733A20A1BDFC7A400149C47 /* LaunchScreen.storyboard */; };
		D745F6221BE2210B000A9145 /* LabelCollectionViewCell.swift in Sources */ = {isa = PBXBuildFile; fileRef = D745F6211BE2210B000A9145 /* LabelCollectionViewCell.swift */; };
		D75807F71C57743100090CFE /* APNotificationAlertView.swift in Sources */ = {isa = PBXBuildFile; fileRef = D75807F51C57743100090CFE /* APNotificationAlertView.swift */; };
		D75807F81C57743100090CFE /* APNotificationAlertViewBaseExtension.swift in Sources */ = {isa = PBXBuildFile; fileRef = D75807F61C57743100090CFE /* APNotificationAlertViewBaseExtension.swift */; };
/* End PBXBuildFile section */

/* Begin PBXFileReference section */
		D733A1FE1BDFC7A400149C47 /* AppusNotificationPopupExample.app */ = {isa = PBXFileReference; explicitFileType = wrapper.application; includeInIndex = 0; path = AppusNotificationPopupExample.app; sourceTree = BUILT_PRODUCTS_DIR; };
		D733A2011BDFC7A400149C47 /* AppDelegate.swift */ = {isa = PBXFileReference; lastKnownFileType = sourcecode.swift; path = AppDelegate.swift; sourceTree = "<group>"; };
		D733A2031BDFC7A400149C47 /* ViewController.swift */ = {isa = PBXFileReference; lastKnownFileType = sourcecode.swift; path = ViewController.swift; sourceTree = "<group>"; };
		D733A2061BDFC7A400149C47 /* Base */ = {isa = PBXFileReference; lastKnownFileType = file.storyboard; name = Base; path = Base.lproj/Main.storyboard; sourceTree = "<group>"; };
		D733A2081BDFC7A400149C47 /* Assets.xcassets */ = {isa = PBXFileReference; lastKnownFileType = folder.assetcatalog; path = Assets.xcassets; sourceTree = "<group>"; };
		D733A20B1BDFC7A400149C47 /* Base */ = {isa = PBXFileReference; lastKnownFileType = file.storyboard; name = Base; path = Base.lproj/LaunchScreen.storyboard; sourceTree = "<group>"; };
		D733A20D1BDFC7A400149C47 /* Info.plist */ = {isa = PBXFileReference; lastKnownFileType = text.plist.xml; path = Info.plist; sourceTree = "<group>"; };
		D745F6211BE2210B000A9145 /* LabelCollectionViewCell.swift */ = {isa = PBXFileReference; fileEncoding = 4; lastKnownFileType = sourcecode.swift; path = LabelCollectionViewCell.swift; sourceTree = "<group>"; };
		D75807F51C57743100090CFE /* APNotificationAlertView.swift */ = {isa = PBXFileReference; fileEncoding = 4; lastKnownFileType = sourcecode.swift; path = APNotificationAlertView.swift; sourceTree = "<group>"; };
		D75807F61C57743100090CFE /* APNotificationAlertViewBaseExtension.swift */ = {isa = PBXFileReference; fileEncoding = 4; lastKnownFileType = sourcecode.swift; path = APNotificationAlertViewBaseExtension.swift; sourceTree = "<group>"; };
/* End PBXFileReference section */

/* Begin PBXFrameworksBuildPhase section */
		D733A1FB1BDFC7A400149C47 /* Frameworks */ = {
			isa = PBXFrameworksBuildPhase;
			buildActionMask = 2147483647;
			files = (
			);
			runOnlyForDeploymentPostprocessing = 0;
		};
/* End PBXFrameworksBuildPhase section */

/* Begin PBXGroup section */
		D733A1F51BDFC7A400149C47 = {
			isa = PBXGroup;
			children = (
				D733A2001BDFC7A400149C47 /* NotificationPopupExample */,
				D733A1FF1BDFC7A400149C47 /* Products */,
			);
			sourceTree = "<group>";
		};
		D733A1FF1BDFC7A400149C47 /* Products */ = {
			isa = PBXGroup;
			children = (
				D733A1FE1BDFC7A400149C47 /* AppusNotificationPopupExample.app */,
			);
			name = Products;
			sourceTree = "<group>";
		};
		D733A2001BDFC7A400149C47 /* NotificationPopupExample */ = {
			isa = PBXGroup;
			children = (
				D75807F41C57743100090CFE /* APNotificationAlertView */,
				D733A2011BDFC7A400149C47 /* AppDelegate.swift */,
				D733A2031BDFC7A400149C47 /* ViewController.swift */,
				D733A2051BDFC7A400149C47 /* Main.storyboard */,
				D745F6211BE2210B000A9145 /* LabelCollectionViewCell.swift */,
				D733A2081BDFC7A400149C47 /* Assets.xcassets */,
				D733A20A1BDFC7A400149C47 /* LaunchScreen.storyboard */,
				D733A20D1BDFC7A400149C47 /* Info.plist */,
			);
			path = NotificationPopupExample;
			sourceTree = "<group>";
		};
		D75807F41C57743100090CFE /* APNotificationAlertView */ = {
			isa = PBXGroup;
			children = (
				D75807F51C57743100090CFE /* APNotificationAlertView.swift */,
				D75807F61C57743100090CFE /* APNotificationAlertViewBaseExtension.swift */,
			);
			path = APNotificationAlertView;
			sourceTree = "<group>";
		};
/* End PBXGroup section */

/* Begin PBXNativeTarget section */
		D733A1FD1BDFC7A400149C47 /* AppusNotificationPopupExample */ = {
			isa = PBXNativeTarget;
			buildConfigurationList = D733A2101BDFC7A400149C47 /* Build configuration list for PBXNativeTarget "AppusNotificationPopupExample" */;
			buildPhases = (
				D733A1FA1BDFC7A400149C47 /* Sources */,
				D733A1FB1BDFC7A400149C47 /* Frameworks */,
				D733A1FC1BDFC7A400149C47 /* Resources */,
			);
			buildRules = (
			);
			dependencies = (
			);
			name = AppusNotificationPopupExample;
			productName = NotificationPopupExample;
			productReference = D733A1FE1BDFC7A400149C47 /* AppusNotificationPopupExample.app */;
			productType = "com.apple.product-type.application";
		};
/* End PBXNativeTarget section */

/* Begin PBXProject section */
		D733A1F61BDFC7A400149C47 /* Project object */ = {
			isa = PBXProject;
			attributes = {
				LastSwiftUpdateCheck = 0710;
				LastUpgradeCheck = 0710;
				ORGANIZATIONNAME = "Andrey Pervushin";
				TargetAttributes = {
					D733A1FD1BDFC7A400149C47 = {
						CreatedOnToolsVersion = 7.1;
					};
				};
			};
			buildConfigurationList = D733A1F91BDFC7A400149C47 /* Build configuration list for PBXProject "AppusNotificationPopupExample" */;
			compatibilityVersion = "Xcode 3.2";
			developmentRegion = English;
			hasScannedForEncodings = 0;
			knownRegions = (
				en,
				Base,
			);
			mainGroup = D733A1F51BDFC7A400149C47;
			productRefGroup = D733A1FF1BDFC7A400149C47 /* Products */;
			projectDirPath = "";
			projectRoot = "";
			targets = (
				D733A1FD1BDFC7A400149C47 /* AppusNotificationPopupExample */,
			);
		};
/* End PBXProject section */

/* Begin PBXResourcesBuildPhase section */
		D733A1FC1BDFC7A400149C47 /* Resources */ = {
			isa = PBXResourcesBuildPhase;
			buildActionMask = 2147483647;
			files = (
				D733A20C1BDFC7A400149C47 /* LaunchScreen.storyboard in Resources */,
				D733A2091BDFC7A400149C47 /* Assets.xcassets in Resources */,
				D733A2071BDFC7A400149C47 /* Main.storyboard in Resources */,
			);
			runOnlyForDeploymentPostprocessing = 0;
		};
/* End PBXResourcesBuildPhase section */

/* Begin PBXSourcesBuildPhase section */
		D733A1FA1BDFC7A400149C47 /* Sources */ = {
			isa = PBXSourcesBuildPhase;
			buildActionMask = 2147483647;
			files = (
				D733A2041BDFC7A400149C47 /* ViewController.swift in Sources */,
				D745F6221BE2210B000A9145 /* LabelCollectionViewCell.swift in Sources */,
				D733A2021BDFC7A400149C47 /* AppDelegate.swift in Sources */,
				D75807F81C57743100090CFE /* APNotificationAlertViewBaseExtension.swift in Sources */,
				D75807F71C57743100090CFE /* APNotificationAlertView.swift in Sources */,
			);
			runOnlyForDeploymentPostprocessing = 0;
		};
/* End PBXSourcesBuildPhase section */

/* Begin PBXVariantGroup section */
		D733A2051BDFC7A400149C47 /* Main.storyboard */ = {
			isa = PBXVariantGroup;
			children = (
				D733A2061BDFC7A400149C47 /* Base */,
			);
			name = Main.storyboard;
			sourceTree = "<group>";
		};
		D733A20A1BDFC7A400149C47 /* LaunchScreen.storyboard */ = {
			isa = PBXVariantGroup;
			children = (
				D733A20B1BDFC7A400149C47 /* Base */,
			);
			name = LaunchScreen.storyboard;
			sourceTree = "<group>";
		};
/* End PBXVariantGroup section */

/* Begin XCBuildConfiguration section */
		D733A20E1BDFC7A400149C47 /* Debug */ = {
			isa = XCBuildConfiguration;
			buildSettings = {
				ALWAYS_SEARCH_USER_PATHS = NO;
				CLANG_CXX_LANGUAGE_STANDARD = "gnu++0x";
				CLANG_CXX_LIBRARY = "libc++";
				CLANG_ENABLE_MODULES = YES;
				CLANG_ENABLE_OBJC_ARC = YES;
				CLANG_WARN_BOOL_CONVERSION = YES;
				CLANG_WARN_CONSTANT_CONVERSION = YES;
				CLANG_WARN_DIRECT_OBJC_ISA_USAGE = YES_ERROR;
				CLANG_WARN_EMPTY_BODY = YES;
				CLANG_WARN_ENUM_CONVERSION = YES;
				CLANG_WARN_INT_CONVERSION = YES;
				CLANG_WARN_OBJC_ROOT_CLASS = YES_ERROR;
				CLANG_WARN_UNREACHABLE_CODE = YES;
				CLANG_WARN__DUPLICATE_METHOD_MATCH = YES;
				"CODE_SIGN_IDENTITY[sdk=iphoneos*]" = "iPhone Developer";
				COPY_PHASE_STRIP = NO;
				DEBUG_INFORMATION_FORMAT = dwarf;
				ENABLE_STRICT_OBJC_MSGSEND = YES;
				ENABLE_TESTABILITY = YES;
				GCC_C_LANGUAGE_STANDARD = gnu99;
				GCC_DYNAMIC_NO_PIC = NO;
				GCC_NO_COMMON_BLOCKS = YES;
				GCC_OPTIMIZATION_LEVEL = 0;
				GCC_PREPROCESSOR_DEFINITIONS = (
					"DEBUG=1",
					"$(inherited)",
				);
				GCC_WARN_64_TO_32_BIT_CONVERSION = YES;
				GCC_WARN_ABOUT_RETURN_TYPE = YES_ERROR;
				GCC_WARN_UNDECLARED_SELECTOR = YES;
				GCC_WARN_UNINITIALIZED_AUTOS = YES_AGGRESSIVE;
				GCC_WARN_UNUSED_FUNCTION = YES;
				GCC_WARN_UNUSED_VARIABLE = YES;
				IPHONEOS_DEPLOYMENT_TARGET = 9.1;
				MTL_ENABLE_DEBUG_INFO = YES;
				ONLY_ACTIVE_ARCH = YES;
				SDKROOT = iphoneos;
				SWIFT_OPTIMIZATION_LEVEL = "-Onone";
				TARGETED_DEVICE_FAMILY = "1,2";
			};
			name = Debug;
		};
		D733A20F1BDFC7A400149C47 /* Release */ = {
			isa = XCBuildConfiguration;
			buildSettings = {
				ALWAYS_SEARCH_USER_PATHS = NO;
				CLANG_CXX_LANGUAGE_STANDARD = "gnu++0x";
				CLANG_CXX_LIBRARY = "libc++";
				CLANG_ENABLE_MODULES = YES;
				CLANG_ENABLE_OBJC_ARC = YES;
				CLANG_WARN_BOOL_CONVERSION = YES;
				CLANG_WARN_CONSTANT_CONVERSION = YES;
				CLANG_WARN_DIRECT_OBJC_ISA_USAGE = YES_ERROR;
				CLANG_WARN_EMPTY_BODY = YES;
				CLANG_WARN_ENUM_CONVERSION = YES;
				CLANG_WARN_INT_CONVERSION = YES;
				CLANG_WARN_OBJC_ROOT_CLASS = YES_ERROR;
				CLANG_WARN_UNREACHABLE_CODE = YES;
				CLANG_WARN__DUPLICATE_METHOD_MATCH = YES;
				"CODE_SIGN_IDENTITY[sdk=iphoneos*]" = "iPhone Developer";
				COPY_PHASE_STRIP = NO;
				DEBUG_INFORMATION_FORMAT = "dwarf-with-dsym";
				ENABLE_NS_ASSERTIONS = NO;
				ENABLE_STRICT_OBJC_MSGSEND = YES;
				GCC_C_LANGUAGE_STANDARD = gnu99;
				GCC_NO_COMMON_BLOCKS = YES;
				GCC_WARN_64_TO_32_BIT_CONVERSION = YES;
				GCC_WARN_ABOUT_RETURN_TYPE = YES_ERROR;
				GCC_WARN_UNDECLARED_SELECTOR = YES;
				GCC_WARN_UNINITIALIZED_AUTOS = YES_AGGRESSIVE;
				GCC_WARN_UNUSED_FUNCTION = YES;
				GCC_WARN_UNUSED_VARIABLE = YES;
				IPHONEOS_DEPLOYMENT_TARGET = 9.1;
				MTL_ENABLE_DEBUG_INFO = NO;
				SDKROOT = iphoneos;
				TARGETED_DEVICE_FAMILY = "1,2";
				VALIDATE_PRODUCT = YES;
			};
			name = Release;
		};
		D733A2111BDFC7A400149C47 /* Debug */ = {
			isa = XCBuildConfiguration;
			buildSettings = {
				ASSETCATALOG_COMPILER_APPICON_NAME = AppIcon;
				INFOPLIST_FILE = NotificationPopupExample/Info.plist;
				IPHONEOS_DEPLOYMENT_TARGET = 9.0;
				LD_RUNPATH_SEARCH_PATHS = "$(inherited) @executable_path/Frameworks";
				PRODUCT_BUNDLE_IDENTIFIER = com.appus.NotificationPopupExample;
				PRODUCT_NAME = AppusNotificationPopupExample;
			};
			name = Debug;
		};
		D733A2121BDFC7A400149C47 /* Release */ = {
			isa = XCBuildConfiguration;
			buildSettings = {
				ASSETCATALOG_COMPILER_APPICON_NAME = AppIcon;
				INFOPLIST_FILE = NotificationPopupExample/Info.plist;
				IPHONEOS_DEPLOYMENT_TARGET = 9.0;
				LD_RUNPATH_SEARCH_PATHS = "$(inherited) @executable_path/Frameworks";
				PRODUCT_BUNDLE_IDENTIFIER = com.appus.NotificationPopupExample;
				PRODUCT_NAME = AppusNotificationPopupExample;
			};
			name = Release;
		};
/* End XCBuildConfiguration section */

/* Begin XCConfigurationList section */
		D733A1F91BDFC7A400149C47 /* Build configuration list for PBXProject "AppusNotificationPopupExample" */ = {
			isa = XCConfigurationList;
			buildConfigurations = (
				D733A20E1BDFC7A400149C47 /* Debug */,
				D733A20F1BDFC7A400149C47 /* Release */,
			);
			defaultConfigurationIsVisible = 0;
			defaultConfigurationName = Release;
		};
		D733A2101BDFC7A400149C47 /* Build configuration list for PBXNativeTarget "AppusNotificationPopupExample" */ = {
			isa = XCConfigurationList;
			buildConfigurations = (
				D733A2111BDFC7A400149C47 /* Debug */,
				D733A2121BDFC7A400149C47 /* Release */,
			);
			defaultConfigurationIsVisible = 0;
			defaultConfigurationName = Release;
		};
/* End XCConfigurationList section */
	};
	rootObject = D733A1F61BDFC7A400149C47 /* Project object */;
}
